Microsoft Visual Studio Solution File, Format Version 12.00
# Visual Studio 14
Project("{8BC9CEB8-8B4A-11D0-8D11-00A0C91BC942}") = "ALL_BUILD", "ALL_BUILD.vcxproj", "{BB133B04-62E8-3D83-BE56-77A1A95ACC77}"
	ProjectSection(ProjectDependencies) = postProject
		{15DBC960-348A-38B9-B1D1-B01E42D253BD} = {15DBC960-348A-38B9-B1D1-B01E42D253BD}
		{51A40D99-B60D-3161-9FA8-D8BB9148A94E} = {51A40D99-B60D-3161-9FA8-D8BB9148A94E}
	EndProjectSection
EndProject
Project("{8BC9CEB8-8B4A-11D0-8D11-00A0C91BC942}") = "ZERO_CHECK", "ZERO_CHECK.vcxproj", "{15DBC960-348A-38B9-B1D1-B01E42D253BD}"
	ProjectSection(ProjectDependencies) = postProject
	EndProjectSection
EndProject
Project("{8BC9CEB8-8B4A-11D0-8D11-00A0C91BC942}") = "model_loader", "model_loader.vcxproj", "{51A40D99-B60D-3161-9FA8-D8BB9148A94E}"
	ProjectSection(ProjectDependencies) = postProject
		{15DBC960-348A-38B9-B1D1-B01E42D253BD} = {15DBC960-348A-38B9-B1D1-B01E42D253BD}
	EndProjectSection
EndProject
Global
	GlobalSection(SolutionConfigurationPlatforms) = preSolution
		Debug|Win32 = Debug|Win32
		Release|Win32 = Release|Win32
		MinSizeRel|Win32 = MinSizeRel|Win32
		RelWithDebInfo|Win32 = RelWithDebInfo|Win32
	EndGlobalSection
	GlobalSection(ProjectConfigurationPlatforms) = postSolution
		{BB133B04-62E8-3D83-BE56-77A1A95ACC77}.Debug|Win32.ActiveCfg = Debug|Win32
		{BB133B04-62E8-3D83-BE56-77A1A95ACC77}.Release|Win32.ActiveCfg = Release|Win32
		{BB133B04-62E8-3D83-BE56-77A1A95ACC77}.MinSizeRel|Win32.ActiveCfg = MinSizeRel|Win32
		{BB133B04-62E8-3D83-BE56-77A1A95ACC77}.RelWithDebInfo|Win32.ActiveCfg = RelWithDebInfo|Win32
		{15DBC960-348A-38B9-B1D1-B01E42D253BD}.Debug|Win32.ActiveCfg = Debug|Win32
		{15DBC960-348A-38B9-B1D1-B01E42D253BD}.Debug|Win32.Build.0 = Debug|Win32
		{15DBC960-348A-38B9-B1D1-B01E42D253BD}.Release|Win32.ActiveCfg = Release|Win32
		{15DBC960-348A-38B9-B1D1-B01E42D253BD}.Release|Win32.Build.0 = Release|Win32
		{15DBC960-348A-38B9-B1D1-B01E42D253BD}.MinSizeRel|Win32.ActiveCfg = MinSizeRel|Win32
		{15DBC960-348A-38B9-B1D1-B01E42D253BD}.MinSizeRel|Win32.Build.0 = MinSizeRel|Win32
		{15DBC960-348A-38B9-B1D1-B01E42D253BD}.RelWithDebInfo|Win32.ActiveCfg = RelWithDebInfo|Win32
		{15DBC960-348A-38B9-B1D1-B01E42D253BD}.RelWithDebInfo|Win32.Build.0 = RelWithDebInfo|Win32
		{51A40D99-B60D-3161-9FA8-D8BB9148A94E}.Debug|Win32.ActiveCfg = Debug|Win32
		{51A40D99-B60D-3161-9FA8-D8BB9148A94E}.Debug|Win32.Build.0 = Debug|Win32
		{51A40D99-B60D-3161-9FA8-D8BB9148A94E}.Release|Win32.ActiveCfg = Release|Win32
		{51A40D99-B60D-3161-9FA8-D8BB9148A94E}.Release|Win32.Build.0 = Release|Win32
		{51A40D99-B60D-3161-9FA8-D8BB9148A94E}.MinSizeRel|Win32.ActiveCfg = MinSizeRel|Win32
		{51A40D99-B60D-3161-9FA8-D8BB9148A94E}.MinSizeRel|Win32.Build.0 = MinSizeRel|Win32
		{51A40D99-B60D-3161-9FA8-D8BB9148A94E}.RelWithDebInfo|Win32.ActiveCfg = RelWithDebInfo|Win32
		{51A40D99-B60D-3161-9FA8-D8BB9148A94E}.RelWithDebInfo|Win32.Build.0 = RelWithDebInfo|Win32
	EndGlobalSection
	GlobalSection(ExtensibilityGlobals) = postSolution
	EndGlobalSection
	GlobalSection(ExtensibilityAddIns) = postSolution
	EndGlobalSection
EndGlobal
