Microsoft Visual Studio Solution File, Format Version 12.00
# Visual Studio 14
Project("{8BC9CEB8-8B4A-11D0-8D11-00A0C91BC942}") = "ALL_BUILD", "ALL_BUILD.vcxproj", "{8DB9DB79-FF71-3F84-8A1D-303FBDEDE6D2}"
	ProjectSection(ProjectDependencies) = postProject
		{D4CC2E0E-2F38-384F-823C-AA1E31963CB1} = {D4CC2E0E-2F38-384F-823C-AA1E31963CB1}
		{38968499-D49D-369E-8374-497896FDB619} = {38968499-D49D-369E-8374-497896FDB619}
	EndProjectSection
EndProject
Project("{8BC9CEB8-8B4A-11D0-8D11-00A0C91BC942}") = "ZERO_CHECK", "ZERO_CHECK.vcxproj", "{D4CC2E0E-2F38-384F-823C-AA1E31963CB1}"
	ProjectSection(ProjectDependencies) = postProject
	EndProjectSection
EndProject
Project("{8BC9CEB8-8B4A-11D0-8D11-00A0C91BC942}") = "cgm", "cgm.vcxproj", "{38968499-D49D-369E-8374-497896FDB619}"
	ProjectSection(ProjectDependencies) = postProject
		{D4CC2E0E-2F38-384F-823C-AA1E31963CB1} = {D4CC2E0E-2F38-384F-823C-AA1E31963CB1}
	EndProjectSection
EndProject
Global
	GlobalSection(SolutionConfigurationPlatforms) = preSolution
		Debug|Win32 = Debug|Win32
		Release|Win32 = Release|Win32
		MinSizeRel|Win32 = MinSizeRel|Win32
		RelWithDebInfo|Win32 = RelWithDebInfo|Win32
	EndGlobalSection
	GlobalSection(ProjectConfigurationPlatforms) = postSolution
		{8DB9DB79-FF71-3F84-8A1D-303FBDEDE6D2}.Debug|Win32.ActiveCfg = Debug|Win32
		{8DB9DB79-FF71-3F84-8A1D-303FBDEDE6D2}.Release|Win32.ActiveCfg = Release|Win32
		{8DB9DB79-FF71-3F84-8A1D-303FBDEDE6D2}.MinSizeRel|Win32.ActiveCfg = MinSizeRel|Win32
		{8DB9DB79-FF71-3F84-8A1D-303FBDEDE6D2}.RelWithDebInfo|Win32.ActiveCfg = RelWithDebInfo|Win32
		{D4CC2E0E-2F38-384F-823C-AA1E31963CB1}.Debug|Win32.ActiveCfg = Debug|Win32
		{D4CC2E0E-2F38-384F-823C-AA1E31963CB1}.Debug|Win32.Build.0 = Debug|Win32
		{D4CC2E0E-2F38-384F-823C-AA1E31963CB1}.Release|Win32.ActiveCfg = Release|Win32
		{D4CC2E0E-2F38-384F-823C-AA1E31963CB1}.Release|Win32.Build.0 = Release|Win32
		{D4CC2E0E-2F38-384F-823C-AA1E31963CB1}.MinSizeRel|Win32.ActiveCfg = MinSizeRel|Win32
		{D4CC2E0E-2F38-384F-823C-AA1E31963CB1}.MinSizeRel|Win32.Build.0 = MinSizeRel|Win32
		{D4CC2E0E-2F38-384F-823C-AA1E31963CB1}.RelWithDebInfo|Win32.ActiveCfg = RelWithDebInfo|Win32
		{D4CC2E0E-2F38-384F-823C-AA1E31963CB1}.RelWithDebInfo|Win32.Build.0 = RelWithDebInfo|Win32
		{38968499-D49D-369E-8374-497896FDB619}.Debug|Win32.ActiveCfg = Debug|Win32
		{38968499-D49D-369E-8374-497896FDB619}.Debug|Win32.Build.0 = Debug|Win32
		{38968499-D49D-369E-8374-497896FDB619}.Release|Win32.ActiveCfg = Release|Win32
		{38968499-D49D-369E-8374-497896FDB619}.Release|Win32.Build.0 = Release|Win32
		{38968499-D49D-369E-8374-497896FDB619}.MinSizeRel|Win32.ActiveCfg = MinSizeRel|Win32
		{38968499-D49D-369E-8374-497896FDB619}.MinSizeRel|Win32.Build.0 = MinSizeRel|Win32
		{38968499-D49D-369E-8374-497896FDB619}.RelWithDebInfo|Win32.ActiveCfg = RelWithDebInfo|Win32
		{38968499-D49D-369E-8374-497896FDB619}.RelWithDebInfo|Win32.Build.0 = RelWithDebInfo|Win32
	EndGlobalSection
	GlobalSection(ExtensibilityGlobals) = postSolution
	EndGlobalSection
	GlobalSection(ExtensibilityAddIns) = postSolution
	EndGlobalSection
EndGlobal
