<?xml version="1.0" encoding="UTF-8"?>
<Project ToolsVersion="14.0" xmlns="http://schemas.microsoft.com/developer/msbuild/2003">
  <ItemGroup>
    <ClCompile Include="C:\Users\mateu\Documents\OpenGL_Projects\Libraries-source\cgm\src\vec2.cpp">
      <Filter>Source Files</Filter>
    </ClCompile>
    <ClCompile Include="C:\Users\mateu\Documents\OpenGL_Projects\Libraries-source\cgm\src\vec3.cpp">
      <Filter>Source Files</Filter>
    </ClCompile>
    <ClCompile Include="C:\Users\mateu\Documents\OpenGL_Projects\Libraries-source\cgm\src\vector_operations.cpp">
      <Filter>Source Files</Filter>
    </ClCompile>
    <ClCompile Include="C:\Users\mateu\Documents\OpenGL_Projects\Libraries-source\cgm\src\mat4.cpp">
      <Filter>Source Files</Filter>
    </ClCompile>
    <ClCompile Include="C:\Users\mateu\Documents\OpenGL_Projects\Libraries-source\cgm\src\matrix_transform.cpp">
      <Filter>Source Files</Filter>
    </ClCompile>
  </ItemGroup>
  <ItemGroup>
    <ClInclude Include="C:\Users\mateu\Documents\OpenGL_Projects\Libraries-source\cgm\src\vec2.hpp">
      <Filter>Header Files</Filter>
    </ClInclude>
    <ClInclude Include="C:\Users\mateu\Documents\OpenGL_Projects\Libraries-source\cgm\src\vec3.hpp">
      <Filter>Header Files</Filter>
    </ClInclude>
    <ClInclude Include="C:\Users\mateu\Documents\OpenGL_Projects\Libraries-source\cgm\src\vector_operations.hpp">
      <Filter>Header Files</Filter>
    </ClInclude>
    <ClInclude Include="C:\Users\mateu\Documents\OpenGL_Projects\Libraries-source\cgm\src\mat4.hpp">
      <Filter>Header Files</Filter>
    </ClInclude>
    <ClInclude Include="C:\Users\mateu\Documents\OpenGL_Projects\Libraries-source\cgm\src\matrix_transform.hpp">
      <Filter>Header Files</Filter>
    </ClInclude>
  </ItemGroup>
  <ItemGroup>
    <CustomBuild Include="C:\Users\mateu\Documents\OpenGL_Projects\Libraries-source\cgm\CMakeLists.txt" />
  </ItemGroup>
  <ItemGroup>
    <Filter Include="Source Files">
      <UniqueIdentifier>{9D656E96-7512-32E4-863F-62AD7B533609}</UniqueIdentifier>
    </Filter>
    <Filter Include="Header Files">
      <UniqueIdentifier>{2CC9D9CD-F4A9-3E55-886A-4044703B2925}</UniqueIdentifier>
    </Filter>
  </ItemGroup>
</Project>
