Microsoft Visual Studio Solution File, Format Version 12.00
# Visual Studio 14
Project("{8BC9CEB8-8B4A-11D0-8D11-00A0C91BC942}") = "ALL_BUILD", "ALL_BUILD.vcxproj", "{C7B113A6-B4EA-314F-89F2-0250113E2DE9}"
	ProjectSection(ProjectDependencies) = postProject
		{8AB42C34-732A-3443-8F0A-B75AFFEDA5FE} = {8AB42C34-732A-3443-8F0A-B75AFFEDA5FE}
		{45976BF1-7E3E-3859-808E-797844C436A9} = {45976BF1-7E3E-3859-808E-797844C436A9}
	EndProjectSection
EndProject
Project("{8BC9CEB8-8B4A-11D0-8D11-00A0C91BC942}") = "ZERO_CHECK", "ZERO_CHECK.vcxproj", "{8AB42C34-732A-3443-8F0A-B75AFFEDA5FE}"
	ProjectSection(ProjectDependencies) = postProject
	EndProjectSection
EndProject
Project("{8BC9CEB8-8B4A-11D0-8D11-00A0C91BC942}") = "gls", "gls.vcxproj", "{45976BF1-7E3E-3859-808E-797844C436A9}"
	ProjectSection(ProjectDependencies) = postProject
		{8AB42C34-732A-3443-8F0A-B75AFFEDA5FE} = {8AB42C34-732A-3443-8F0A-B75AFFEDA5FE}
	EndProjectSection
EndProject
Global
	GlobalSection(SolutionConfigurationPlatforms) = preSolution
		Debug|Win32 = Debug|Win32
		Release|Win32 = Release|Win32
		MinSizeRel|Win32 = MinSizeRel|Win32
		RelWithDebInfo|Win32 = RelWithDebInfo|Win32
	EndGlobalSection
	GlobalSection(ProjectConfigurationPlatforms) = postSolution
		{C7B113A6-B4EA-314F-89F2-0250113E2DE9}.Debug|Win32.ActiveCfg = Debug|Win32
		{C7B113A6-B4EA-314F-89F2-0250113E2DE9}.Release|Win32.ActiveCfg = Release|Win32
		{C7B113A6-B4EA-314F-89F2-0250113E2DE9}.MinSizeRel|Win32.ActiveCfg = MinSizeRel|Win32
		{C7B113A6-B4EA-314F-89F2-0250113E2DE9}.RelWithDebInfo|Win32.ActiveCfg = RelWithDebInfo|Win32
		{8AB42C34-732A-3443-8F0A-B75AFFEDA5FE}.Debug|Win32.ActiveCfg = Debug|Win32
		{8AB42C34-732A-3443-8F0A-B75AFFEDA5FE}.Debug|Win32.Build.0 = Debug|Win32
		{8AB42C34-732A-3443-8F0A-B75AFFEDA5FE}.Release|Win32.ActiveCfg = Release|Win32
		{8AB42C34-732A-3443-8F0A-B75AFFEDA5FE}.Release|Win32.Build.0 = Release|Win32
		{8AB42C34-732A-3443-8F0A-B75AFFEDA5FE}.MinSizeRel|Win32.ActiveCfg = MinSizeRel|Win32
		{8AB42C34-732A-3443-8F0A-B75AFFEDA5FE}.MinSizeRel|Win32.Build.0 = MinSizeRel|Win32
		{8AB42C34-732A-3443-8F0A-B75AFFEDA5FE}.RelWithDebInfo|Win32.ActiveCfg = RelWithDebInfo|Win32
		{8AB42C34-732A-3443-8F0A-B75AFFEDA5FE}.RelWithDebInfo|Win32.Build.0 = RelWithDebInfo|Win32
		{45976BF1-7E3E-3859-808E-797844C436A9}.Debug|Win32.ActiveCfg = Debug|Win32
		{45976BF1-7E3E-3859-808E-797844C436A9}.Debug|Win32.Build.0 = Debug|Win32
		{45976BF1-7E3E-3859-808E-797844C436A9}.Release|Win32.ActiveCfg = Release|Win32
		{45976BF1-7E3E-3859-808E-797844C436A9}.Release|Win32.Build.0 = Release|Win32
		{45976BF1-7E3E-3859-808E-797844C436A9}.MinSizeRel|Win32.ActiveCfg = MinSizeRel|Win32
		{45976BF1-7E3E-3859-808E-797844C436A9}.MinSizeRel|Win32.Build.0 = MinSizeRel|Win32
		{45976BF1-7E3E-3859-808E-797844C436A9}.RelWithDebInfo|Win32.ActiveCfg = RelWithDebInfo|Win32
		{45976BF1-7E3E-3859-808E-797844C436A9}.RelWithDebInfo|Win32.Build.0 = RelWithDebInfo|Win32
	EndGlobalSection
	GlobalSection(ExtensibilityGlobals) = postSolution
	EndGlobalSection
	GlobalSection(ExtensibilityAddIns) = postSolution
	EndGlobalSection
EndGlobal
