<?xml version="1.0" encoding="UTF-8"?>
<Project ToolsVersion="14.0" xmlns="http://schemas.microsoft.com/developer/msbuild/2003">
  <ItemGroup>
    <ClCompile Include="C:\Users\mateu\Documents\GitHub\OpenGL_Projects\Libraries-source\gls\src\Shader.cpp">
      <Filter>Source Files</Filter>
    </ClCompile>
    <ClCompile Include="C:\Users\mateu\Documents\GitHub\OpenGL_Projects\Libraries-source\gls\src\Texture.cpp">
      <Filter>Source Files</Filter>
    </ClCompile>
    <ClCompile Include="C:\Users\mateu\Documents\GitHub\OpenGL_Projects\Libraries-source\gls\src\Mesh.cpp">
      <Filter>Source Files</Filter>
    </ClCompile>
    <ClCompile Include="C:\Users\mateu\Documents\GitHub\OpenGL_Projects\Libraries-source\gls\src\Model.cpp">
      <Filter>Source Files</Filter>
    </ClCompile>
  </ItemGroup>
  <ItemGroup>
    <ClInclude Include="C:\Users\mateu\Documents\GitHub\OpenGL_Projects\Libraries-source\gls\src\Shader.hpp">
      <Filter>Header Files</Filter>
    </ClInclude>
    <ClInclude Include="C:\Users\mateu\Documents\GitHub\OpenGL_Projects\Libraries-source\gls\src\Vertex1P1N1UV.hpp">
      <Filter>Header Files</Filter>
    </ClInclude>
    <ClInclude Include="C:\Users\mateu\Documents\GitHub\OpenGL_Projects\Libraries-source\gls\src\Texture.hpp">
      <Filter>Header Files</Filter>
    </ClInclude>
    <ClInclude Include="C:\Users\mateu\Documents\GitHub\OpenGL_Projects\Libraries-source\gls\src\Mesh.hpp">
      <Filter>Header Files</Filter>
    </ClInclude>
    <ClInclude Include="C:\Users\mateu\Documents\GitHub\OpenGL_Projects\Libraries-source\gls\src\Model.hpp">
      <Filter>Header Files</Filter>
    </ClInclude>
  </ItemGroup>
  <ItemGroup>
    <CustomBuild Include="C:\Users\mateu\Documents\GitHub\OpenGL_Projects\Libraries-source\gls\CMakeLists.txt" />
  </ItemGroup>
  <ItemGroup>
    <Filter Include="Source Files">
      <UniqueIdentifier>{87CF8BE6-D870-33C2-BFAD-D37C10175FD9}</UniqueIdentifier>
    </Filter>
    <Filter Include="Header Files">
      <UniqueIdentifier>{D5707ED7-339B-3DE3-9D8E-A02D1063B834}</UniqueIdentifier>
    </Filter>
  </ItemGroup>
</Project>
