Microsoft Visual Studio Solution File, Format Version 12.00
# Visual Studio 14
Project("{8BC9CEB8-8B4A-11D0-8D11-00A0C91BC942}") = "ALL_BUILD", "ALL_BUILD.vcxproj", "{9F76832A-2777-340F-B2FF-6D9661B98E4C}"
	ProjectSection(ProjectDependencies) = postProject
		{D08214B0-B6D6-3694-A936-D50D685E16F4} = {D08214B0-B6D6-3694-A936-D50D685E16F4}
		{7B3E5921-2903-3682-ACE9-C5196539905F} = {7B3E5921-2903-3682-ACE9-C5196539905F}
	EndProjectSection
EndProject
Project("{8BC9CEB8-8B4A-11D0-8D11-00A0C91BC942}") = "ZERO_CHECK", "ZERO_CHECK.vcxproj", "{D08214B0-B6D6-3694-A936-D50D685E16F4}"
	ProjectSection(ProjectDependencies) = postProject
	EndProjectSection
EndProject
Project("{8BC9CEB8-8B4A-11D0-8D11-00A0C91BC942}") = "cgs", "cgs.vcxproj", "{7B3E5921-2903-3682-ACE9-C5196539905F}"
	ProjectSection(ProjectDependencies) = postProject
		{D08214B0-B6D6-3694-A936-D50D685E16F4} = {D08214B0-B6D6-3694-A936-D50D685E16F4}
	EndProjectSection
EndProject
Global
	GlobalSection(SolutionConfigurationPlatforms) = preSolution
		Debug|Win32 = Debug|Win32
		Release|Win32 = Release|Win32
		MinSizeRel|Win32 = MinSizeRel|Win32
		RelWithDebInfo|Win32 = RelWithDebInfo|Win32
	EndGlobalSection
	GlobalSection(ProjectConfigurationPlatforms) = postSolution
		{9F76832A-2777-340F-B2FF-6D9661B98E4C}.Debug|Win32.ActiveCfg = Debug|Win32
		{9F76832A-2777-340F-B2FF-6D9661B98E4C}.Release|Win32.ActiveCfg = Release|Win32
		{9F76832A-2777-340F-B2FF-6D9661B98E4C}.MinSizeRel|Win32.ActiveCfg = MinSizeRel|Win32
		{9F76832A-2777-340F-B2FF-6D9661B98E4C}.RelWithDebInfo|Win32.ActiveCfg = RelWithDebInfo|Win32
		{D08214B0-B6D6-3694-A936-D50D685E16F4}.Debug|Win32.ActiveCfg = Debug|Win32
		{D08214B0-B6D6-3694-A936-D50D685E16F4}.Debug|Win32.Build.0 = Debug|Win32
		{D08214B0-B6D6-3694-A936-D50D685E16F4}.Release|Win32.ActiveCfg = Release|Win32
		{D08214B0-B6D6-3694-A936-D50D685E16F4}.Release|Win32.Build.0 = Release|Win32
		{D08214B0-B6D6-3694-A936-D50D685E16F4}.MinSizeRel|Win32.ActiveCfg = MinSizeRel|Win32
		{D08214B0-B6D6-3694-A936-D50D685E16F4}.MinSizeRel|Win32.Build.0 = MinSizeRel|Win32
		{D08214B0-B6D6-3694-A936-D50D685E16F4}.RelWithDebInfo|Win32.ActiveCfg = RelWithDebInfo|Win32
		{D08214B0-B6D6-3694-A936-D50D685E16F4}.RelWithDebInfo|Win32.Build.0 = RelWithDebInfo|Win32
		{7B3E5921-2903-3682-ACE9-C5196539905F}.Debug|Win32.ActiveCfg = Debug|Win32
		{7B3E5921-2903-3682-ACE9-C5196539905F}.Debug|Win32.Build.0 = Debug|Win32
		{7B3E5921-2903-3682-ACE9-C5196539905F}.Release|Win32.ActiveCfg = Release|Win32
		{7B3E5921-2903-3682-ACE9-C5196539905F}.Release|Win32.Build.0 = Release|Win32
		{7B3E5921-2903-3682-ACE9-C5196539905F}.MinSizeRel|Win32.ActiveCfg = MinSizeRel|Win32
		{7B3E5921-2903-3682-ACE9-C5196539905F}.MinSizeRel|Win32.Build.0 = MinSizeRel|Win32
		{7B3E5921-2903-3682-ACE9-C5196539905F}.RelWithDebInfo|Win32.ActiveCfg = RelWithDebInfo|Win32
		{7B3E5921-2903-3682-ACE9-C5196539905F}.RelWithDebInfo|Win32.Build.0 = RelWithDebInfo|Win32
	EndGlobalSection
	GlobalSection(ExtensibilityGlobals) = postSolution
	EndGlobalSection
	GlobalSection(ExtensibilityAddIns) = postSolution
	EndGlobalSection
EndGlobal
